
Microsoft Visual Studio Solution File, Format Version 11.00
# Visual Studio 2010
Project("{FAE04EC0-301F-11D3-BF4B-00C04F79EFBC}") = "Assembly-CSharp", "Assembly-CSharp.csproj", "{b5851a28-0ab1-9ab1-789e-8cfd1123aa08}"
EndProject
Project("{FAE04EC0-301F-11D3-BF4B-00C04F79EFBC}") = "Assembly-CSharp-Editor", "Assembly-CSharp-Editor.csproj", "{733c53a4-c8d4-a12f-18f9-75c15a9090db}"
EndProject
Global
	GlobalSection(SolutionConfigurationPlatforms) = preSolution
		Debug|Any CPU = Debug|Any CPU
	EndGlobalSection
	GlobalSection(ProjectConfigurationPlatforms) = postSolution
		{b5851a28-0ab1-9ab1-789e-8cfd1123aa08}.Debug|Any CPU.ActiveCfg = Debug|Any CPU
		{b5851a28-0ab1-9ab1-789e-8cfd1123aa08}.Debug|Any CPU.Build.0 = Debug|Any CPU
		{733c53a4-c8d4-a12f-18f9-75c15a9090db}.Debug|Any CPU.ActiveCfg = Debug|Any CPU
		{733c53a4-c8d4-a12f-18f9-75c15a9090db}.Debug|Any CPU.Build.0 = Debug|Any CPU
	EndGlobalSection
	GlobalSection(SolutionProperties) = preSolution
		HideSolutionNode = FALSE
	EndGlobalSection
EndGlobal
