
Microsoft Visual Studio Solution File, Format Version 11.00
# Visual Studio 2010
Project("{FAE04EC0-301F-11D3-BF4B-00C04F79EFBC}") = "Assembly-CSharp", "Assembly-CSharp.csproj", "{242b1ae2-c0c9-b897-a342-80f471a9e2dd}"
EndProject
Project("{FAE04EC0-301F-11D3-BF4B-00C04F79EFBC}") = "Assembly-CSharp-Editor", "Assembly-CSharp-Editor.csproj", "{077e0055-1151-3b14-6237-e3eb6de78adb}"
EndProject
Global
	GlobalSection(SolutionConfigurationPlatforms) = preSolution
		Debug|Any CPU = Debug|Any CPU
	EndGlobalSection
	GlobalSection(ProjectConfigurationPlatforms) = postSolution
		{242b1ae2-c0c9-b897-a342-80f471a9e2dd}.Debug|Any CPU.ActiveCfg = Debug|Any CPU
		{242b1ae2-c0c9-b897-a342-80f471a9e2dd}.Debug|Any CPU.Build.0 = Debug|Any CPU
		{077e0055-1151-3b14-6237-e3eb6de78adb}.Debug|Any CPU.ActiveCfg = Debug|Any CPU
		{077e0055-1151-3b14-6237-e3eb6de78adb}.Debug|Any CPU.Build.0 = Debug|Any CPU
	EndGlobalSection
	GlobalSection(SolutionProperties) = preSolution
		HideSolutionNode = FALSE
	EndGlobalSection
EndGlobal
